{
  "originHash" : "9a0cd97a885c7cab2ec734ec3c37427f282ed06aa049f98c396e609879e1033b",
  "pins" : [
    {
      "identity" : "controls",
      "kind" : "remoteSourceControl",
      "location" : "https://github.com/AudioKit/Controls.git",
      "state" : {
        "revision" : "4dd10370125af7f1e26d7a71b2c5929bb3c95087",
        "version" : "1.1.4"
      }
    }
  ],
  "version" : 3
}
